
Microsoft Visual Studio Solution File, Format Version 12.00
# Visual Studio 15
VisualStudioVersion = 15.0.28307.645
MinimumVisualStudioVersion = 10.0.40219.1
Project("{FAE04EC0-301F-11D3-BF4B-00C04F79EFBC}") = "Biblioteca", "Soruco\Biblioteca.csproj", "{264A796B-902C-4319-A34E-0E5E673ADF9F}"
EndProject
Project("{FAE04EC0-301F-11D3-BF4B-00C04F79EFBC}") = "Prueba_Parcial", "Prueba_Parcial\Prueba_Parcial.csproj", "{CE257C15-1747-4A96-AF84-450AB4AE38E4}"
EndProject
Global
	GlobalSection(SolutionConfigurationPlatforms) = preSolution
		Debug|Any CPU = Debug|Any CPU
		Release|Any CPU = Release|Any CPU
	EndGlobalSection
	GlobalSection(ProjectConfigurationPlatforms) = postSolution
		{264A796B-902C-4319-A34E-0E5E673ADF9F}.Debug|Any CPU.ActiveCfg = Debug|Any CPU
		{264A796B-902C-4319-A34E-0E5E673ADF9F}.Debug|Any CPU.Build.0 = Debug|Any CPU
		{264A796B-902C-4319-A34E-0E5E673ADF9F}.Release|Any CPU.ActiveCfg = Release|Any CPU
		{264A796B-902C-4319-A34E-0E5E673ADF9F}.Release|Any CPU.Build.0 = Release|Any CPU
		{CE257C15-1747-4A96-AF84-450AB4AE38E4}.Debug|Any CPU.ActiveCfg = Debug|Any CPU
		{CE257C15-1747-4A96-AF84-450AB4AE38E4}.Debug|Any CPU.Build.0 = Debug|Any CPU
		{CE257C15-1747-4A96-AF84-450AB4AE38E4}.Release|Any CPU.ActiveCfg = Release|Any CPU
		{CE257C15-1747-4A96-AF84-450AB4AE38E4}.Release|Any CPU.Build.0 = Release|Any CPU
	EndGlobalSection
	GlobalSection(SolutionProperties) = preSolution
		HideSolutionNode = FALSE
	EndGlobalSection
	GlobalSection(ExtensibilityGlobals) = postSolution
		SolutionGuid = {B61EDCF0-2215-48D0-B54B-D575C96701C4}
	EndGlobalSection
EndGlobal
